<Solution>
  <Folder Name="/Identity/">
    <Project Path="Identity/PassingTrace.Identity.Application/PassingTrace.Identity.Application.csproj" />
    <Project Path="Identity/PassingTrace.Identity.AuthorizationServer/PassingTrace.Identity.AuthorizationServer.csproj" />
    <Project Path="Identity/PassingTrace.Identity.Domain/PassingTrace.Identity.Domain.csproj" />
    <Project Path="Identity/PassingTrace.Identity.Infrastructure/PassingTrace.Identity.Infrastructure.csproj" />
  </Folder>
  <Folder Name="/解决方案项/">
    <File Path="Directory.Build.props" />
    <File Path="Directory.Packages.props" />
    <File Path="Identity/PassingTrace.Identity_后端技术实现说明_v1.0.md" />
    <File Path="Identity/PassingTrace.Identity_单点登录接入说明_v1.0.md" />
    <File Path="Events/PassingTrace.Events_接口文档_v1.0.md" />
  </Folder>
  <Folder Name="/Tests/">
    <Project Path="tests/PassingTrace.Identity.IntegrationTests/PassingTrace.Identity.IntegrationTests.csproj" />
    <Project Path="tests/PassingTrace.Events.IntegrationTests/PassingTrace.Events.IntegrationTests.csproj" />
  </Folder>
  <Project Path="AppHost/AppHost.csproj" />
  <Folder Name="/Frontend/">
    <File Path="passingtrace-web/package.json" />
    <File Path="passingtrace-web/vite.config.ts" />
    <File Path="passingtrace-web/README.md" />
    <File Path="passingtrace-sso-demo/package.json" />
    <File Path="passingtrace-sso-demo/vite.config.ts" />
    <File Path="passingtrace-sso-demo/README.md" />
  </Folder>
  <Folder Name="/Events/">
    <Project Path="Events/PassingTrace.Events.Api/PassingTrace.Events.Api.csproj" />
  </Folder>
  <Folder Name="/AI/">
    <Project Path="Ai/PassingTrace.Ai.Worker/PassingTrace.Ai.Worker.csproj" />
  </Folder>
  <Project Path="PassingTrace.Core/PassingTrace.Core.csproj" />
  <Project Path="PassingTrace.Infrastructure/PassingTrace.Infrastructure.csproj" />
</Solution>
