<Solution>
  <Folder Name="/Identity/">
    <Project Path="Identity/PassingTrace.Identity.Application/PassingTrace.Identity.Application.csproj" />
    <Project Path="Identity/PassingTrace.Identity.AuthorizationServer/PassingTrace.Identity.AuthorizationServer.csproj" />
    <Project Path="Identity/PassingTrace.Identity.Domain/PassingTrace.Identity.Domain.csproj" />
    <Project Path="Identity/PassingTrace.Identity.Infrastructure/PassingTrace.Identity.Infrastructure.csproj" />
  </Folder>
  <Folder Name="/解决方案项/">
    <File Path="Directory.Build.props" />
    <File Path="Identity/PassingTrace.Identity_后端技术实现说明_v1.0.md" />
    <File Path="Identity/PassingTrace.Identity_单点登录接入说明_v1.0.md" />
  </Folder>
  <Folder Name="/Tests/">
    <Project Path="tests/PassingTrace.Identity.IntegrationTests/PassingTrace.Identity.IntegrationTests.csproj" />
  </Folder>
  <Project Path="AppHost/AppHost.csproj" />
  <Folder Name="/Frontend/">
    <File Path="passingtrace-web/package.json" />
    <File Path="passingtrace-web/vite.config.ts" />
    <File Path="passingtrace-web/README.md" />
    <File Path="passingtrace-sso-demo/package.json" />
    <File Path="passingtrace-sso-demo/vite.config.ts" />
    <File Path="passingtrace-sso-demo/README.md" />
  </Folder>
</Solution>
